
Microsoft Visual Studio Solution File, Format Version 12.00
# Visual Studio Version 16
VisualStudioVersion = 16.0.34114.132
MinimumVisualStudioVersion = 10.0.40219.1
Project("{FAE04EC0-301F-11D3-BF4B-00C04F79EFBC}") = "VetClinic", "VetClinic.csproj", "{031A750A-9B38-43C9-AFF9-0C12D40A1B4B}"
EndProject
Global
	GlobalSection(SolutionConfigurationPlatforms) = preSolution
		Debug|Any CPU = Debug|Any CPU
		Release|Any CPU = Release|Any CPU
	EndGlobalSection
	GlobalSection(ProjectConfigurationPlatforms) = postSolution
		{031A750A-9B38-43C9-AFF9-0C12D40A1B4B}.Debug|Any CPU.ActiveCfg = Debug|Any CPU
		{031A750A-9B38-43C9-AFF9-0C12D40A1B4B}.Debug|Any CPU.Build.0 = Debug|Any CPU
		{031A750A-9B38-43C9-AFF9-0C12D40A1B4B}.Release|Any CPU.ActiveCfg = Release|Any CPU
		{031A750A-9B38-43C9-AFF9-0C12D40A1B4B}.Release|Any CPU.Build.0 = Release|Any CPU
	EndGlobalSection
	GlobalSection(SolutionProperties) = preSolution
		HideSolutionNode = FALSE
	EndGlobalSection
	GlobalSection(ExtensibilityGlobals) = postSolution
		SolutionGuid = {02856583-1926-4894-A5CB-018C01014CA1}
	EndGlobalSection
EndGlobal
