
Microsoft Visual Studio Solution File, Format Version 12.00
# Visual Studio Version 16
VisualStudioVersion = 16.0.34301.259
MinimumVisualStudioVersion = 10.0.40219.1
Project("{FAE04EC0-301F-11D3-BF4B-00C04F79EFBC}") = "Wireframing", "Wireframing\Wireframing.csproj", "{F448ED73-754F-4884-999B-CDC0A7C47CEB}"
EndProject
Global
	GlobalSection(SolutionConfigurationPlatforms) = preSolution
		Debug|Any CPU = Debug|Any CPU
		Release|Any CPU = Release|Any CPU
	EndGlobalSection
	GlobalSection(ProjectConfigurationPlatforms) = postSolution
		{F448ED73-754F-4884-999B-CDC0A7C47CEB}.Debug|Any CPU.ActiveCfg = Debug|Any CPU
		{F448ED73-754F-4884-999B-CDC0A7C47CEB}.Debug|Any CPU.Build.0 = Debug|Any CPU
		{F448ED73-754F-4884-999B-CDC0A7C47CEB}.Release|Any CPU.ActiveCfg = Release|Any CPU
		{F448ED73-754F-4884-999B-CDC0A7C47CEB}.Release|Any CPU.Build.0 = Release|Any CPU
	EndGlobalSection
	GlobalSection(SolutionProperties) = preSolution
		HideSolutionNode = FALSE
	EndGlobalSection
	GlobalSection(ExtensibilityGlobals) = postSolution
		SolutionGuid = {123B5356-7756-416A-A3EC-E09F0CEDA4C2}
	EndGlobalSection
EndGlobal
